
Microsoft Visual Studio Solution File, Format Version 12.00
# Visual Studio Version 16
VisualStudioVersion = 16.0.30523.141
MinimumVisualStudioVersion = 10.0.40219.1
Project("{FAE04EC0-301F-11D3-BF4B-00C04F79EFBC}") = "quanlychungcu", "quanlychungcu\quanlychungcu.csproj", "{8075D864-7F66-46E0-881E-322DC38A11BE}"
EndProject
Project("{FAE04EC0-301F-11D3-BF4B-00C04F79EFBC}") = "quanlychungcuTests", "quanlychungcuTests\quanlychungcuTests.csproj", "{AD32A241-CBCE-442A-9F32-800829036856}"
EndProject
Global
	GlobalSection(SolutionConfigurationPlatforms) = preSolution
		Debug|Any CPU = Debug|Any CPU
		Release|Any CPU = Release|Any CPU
	EndGlobalSection
	GlobalSection(ProjectConfigurationPlatforms) = postSolution
		{8075D864-7F66-46E0-881E-322DC38A11BE}.Debug|Any CPU.ActiveCfg = Debug|Any CPU
		{8075D864-7F66-46E0-881E-322DC38A11BE}.Debug|Any CPU.Build.0 = Debug|Any CPU
		{8075D864-7F66-46E0-881E-322DC38A11BE}.Release|Any CPU.ActiveCfg = Release|Any CPU
		{8075D864-7F66-46E0-881E-322DC38A11BE}.Release|Any CPU.Build.0 = Release|Any CPU
		{AD32A241-CBCE-442A-9F32-800829036856}.Debug|Any CPU.ActiveCfg = Debug|Any CPU
		{AD32A241-CBCE-442A-9F32-800829036856}.Debug|Any CPU.Build.0 = Debug|Any CPU
		{AD32A241-CBCE-442A-9F32-800829036856}.Release|Any CPU.ActiveCfg = Release|Any CPU
		{AD32A241-CBCE-442A-9F32-800829036856}.Release|Any CPU.Build.0 = Release|Any CPU
	EndGlobalSection
	GlobalSection(SolutionProperties) = preSolution
		HideSolutionNode = FALSE
	EndGlobalSection
	GlobalSection(ExtensibilityGlobals) = postSolution
		SolutionGuid = {D5971B94-0B23-4E43-91B7-616F4ACBAE81}
	EndGlobalSection
EndGlobal
